
Microsoft Visual Studio Solution File, Format Version 12.00
# Visual Studio Version 17
VisualStudioVersion = 17.5.002.0
MinimumVisualStudioVersion = 10.0.40219.1
Project("{2150E333-8FDC-42A3-9474-1A3956D46DE8}") = "src", "src", "{6DAF75AE-1532-479E-81E1-6993882F6FF3}"
EndProject
Project("{9A19103F-16F7-4668-BE54-9A1E7A4F7556}") = "TaskWave.Application", "src\TaskWave.Application\TaskWave.Application.csproj", "{D0F0FEF2-2634-415F-AAF2-C117FFE95E48}"
EndProject
Project("{FAE04EC0-301F-11D3-BF4B-00C04F79EFBC}") = "TaskWave.Domain", "src\TaskWave.Domain\TaskWave.Domain.csproj", "{AE10CE81-2C74-4B0D-BB81-58D1BB6D074A}"
EndProject
Project("{FAE04EC0-301F-11D3-BF4B-00C04F79EFBC}") = "TaskWave.Contracts", "src\TaskWave.Contracts\TaskWave.Contracts.csproj", "{B0B80A4C-E8DC-45EB-9807-B0E88F90141B}"
EndProject
Project("{FAE04EC0-301F-11D3-BF4B-00C04F79EFBC}") = "TaskWave.Infrastructure", "src\TaskWave.Infrastructure\TaskWave.Infrastructure.csproj", "{3FC2DB32-A9DD-4F02-ABE8-6892819EB28C}"
EndProject
Project("{FAE04EC0-301F-11D3-BF4B-00C04F79EFBC}") = "TaskWave.Api", "src\TaskWave.Api\TaskWave.Api.csproj", "{0D850005-E890-44D0-8EB0-E6564349B009}"
EndProject
Global
	GlobalSection(SolutionConfigurationPlatforms) = preSolution
		Debug|Any CPU = Debug|Any CPU
		Release|Any CPU = Release|Any CPU
	EndGlobalSection
	GlobalSection(ProjectConfigurationPlatforms) = postSolution
		{D0F0FEF2-2634-415F-AAF2-C117FFE95E48}.Debug|Any CPU.ActiveCfg = Debug|Any CPU
		{D0F0FEF2-2634-415F-AAF2-C117FFE95E48}.Debug|Any CPU.Build.0 = Debug|Any CPU
		{D0F0FEF2-2634-415F-AAF2-C117FFE95E48}.Release|Any CPU.ActiveCfg = Release|Any CPU
		{D0F0FEF2-2634-415F-AAF2-C117FFE95E48}.Release|Any CPU.Build.0 = Release|Any CPU
		{AE10CE81-2C74-4B0D-BB81-58D1BB6D074A}.Debug|Any CPU.ActiveCfg = Debug|Any CPU
		{AE10CE81-2C74-4B0D-BB81-58D1BB6D074A}.Debug|Any CPU.Build.0 = Debug|Any CPU
		{AE10CE81-2C74-4B0D-BB81-58D1BB6D074A}.Release|Any CPU.ActiveCfg = Release|Any CPU
		{AE10CE81-2C74-4B0D-BB81-58D1BB6D074A}.Release|Any CPU.Build.0 = Release|Any CPU
		{B0B80A4C-E8DC-45EB-9807-B0E88F90141B}.Debug|Any CPU.ActiveCfg = Debug|Any CPU
		{B0B80A4C-E8DC-45EB-9807-B0E88F90141B}.Debug|Any CPU.Build.0 = Debug|Any CPU
		{B0B80A4C-E8DC-45EB-9807-B0E88F90141B}.Release|Any CPU.ActiveCfg = Release|Any CPU
		{B0B80A4C-E8DC-45EB-9807-B0E88F90141B}.Release|Any CPU.Build.0 = Release|Any CPU
		{3FC2DB32-A9DD-4F02-ABE8-6892819EB28C}.Debug|Any CPU.ActiveCfg = Debug|Any CPU
		{3FC2DB32-A9DD-4F02-ABE8-6892819EB28C}.Debug|Any CPU.Build.0 = Debug|Any CPU
		{3FC2DB32-A9DD-4F02-ABE8-6892819EB28C}.Release|Any CPU.ActiveCfg = Release|Any CPU
		{3FC2DB32-A9DD-4F02-ABE8-6892819EB28C}.Release|Any CPU.Build.0 = Release|Any CPU
		{0D850005-E890-44D0-8EB0-E6564349B009}.Debug|Any CPU.ActiveCfg = Debug|Any CPU
		{0D850005-E890-44D0-8EB0-E6564349B009}.Debug|Any CPU.Build.0 = Debug|Any CPU
		{0D850005-E890-44D0-8EB0-E6564349B009}.Release|Any CPU.ActiveCfg = Release|Any CPU
		{0D850005-E890-44D0-8EB0-E6564349B009}.Release|Any CPU.Build.0 = Release|Any CPU
	EndGlobalSection
	GlobalSection(SolutionProperties) = preSolution
		HideSolutionNode = FALSE
	EndGlobalSection
	GlobalSection(NestedProjects) = preSolution
		{D0F0FEF2-2634-415F-AAF2-C117FFE95E48} = {6DAF75AE-1532-479E-81E1-6993882F6FF3}
		{AE10CE81-2C74-4B0D-BB81-58D1BB6D074A} = {6DAF75AE-1532-479E-81E1-6993882F6FF3}
		{B0B80A4C-E8DC-45EB-9807-B0E88F90141B} = {6DAF75AE-1532-479E-81E1-6993882F6FF3}
		{3FC2DB32-A9DD-4F02-ABE8-6892819EB28C} = {6DAF75AE-1532-479E-81E1-6993882F6FF3}
		{0D850005-E890-44D0-8EB0-E6564349B009} = {6DAF75AE-1532-479E-81E1-6993882F6FF3}
	EndGlobalSection
	GlobalSection(ExtensibilityGlobals) = postSolution
		SolutionGuid = {491350FC-D237-4789-88BD-8EB914C2A08A}
	EndGlobalSection
EndGlobal
